
Microsoft Visual Studio Solution File, Format Version 12.00
# Visual Studio Version 17
VisualStudioVersion = 17.13.35931.197
MinimumVisualStudioVersion = 10.0.40219.1
Project("{FAE04EC0-301F-11D3-BF4B-00C04F79EFBC}") = "MailSender.Api", "MailSender\MailSender.Api.csproj", "{1DAF1E89-BACB-44B0-AB50-9E1E0915B8F7}"
EndProject
Project("{FAE04EC0-301F-11D3-BF4B-00C04F79EFBC}") = "MailSender.Domain", "MailSender.Model\MailSender.Domain.csproj", "{BDE8EF80-925E-4618-A86E-638C377A7301}"
EndProject
Project("{FAE04EC0-301F-11D3-BF4B-00C04F79EFBC}") = "MailSender.Application", "MailSender.Application\MailSender.Application.csproj", "{9C64FBBD-2765-4E34-A50F-68E1C7F03D9D}"
EndProject
Project("{FAE04EC0-301F-11D3-BF4B-00C04F79EFBC}") = "MailSender.Common", "MailSender.Common\MailSender.Common.csproj", "{DFCBC461-F803-42D0-B495-90E9D059CC38}"
EndProject
Global
	GlobalSection(SolutionConfigurationPlatforms) = preSolution
		Debug|Any CPU = Debug|Any CPU
		Release|Any CPU = Release|Any CPU
	EndGlobalSection
	GlobalSection(ProjectConfigurationPlatforms) = postSolution
		{1DAF1E89-BACB-44B0-AB50-9E1E0915B8F7}.Debug|Any CPU.ActiveCfg = Debug|Any CPU
		{1DAF1E89-BACB-44B0-AB50-9E1E0915B8F7}.Debug|Any CPU.Build.0 = Debug|Any CPU
		{1DAF1E89-BACB-44B0-AB50-9E1E0915B8F7}.Release|Any CPU.ActiveCfg = Release|Any CPU
		{1DAF1E89-BACB-44B0-AB50-9E1E0915B8F7}.Release|Any CPU.Build.0 = Release|Any CPU
		{BDE8EF80-925E-4618-A86E-638C377A7301}.Debug|Any CPU.ActiveCfg = Debug|Any CPU
		{BDE8EF80-925E-4618-A86E-638C377A7301}.Debug|Any CPU.Build.0 = Debug|Any CPU
		{BDE8EF80-925E-4618-A86E-638C377A7301}.Release|Any CPU.ActiveCfg = Release|Any CPU
		{BDE8EF80-925E-4618-A86E-638C377A7301}.Release|Any CPU.Build.0 = Release|Any CPU
		{9C64FBBD-2765-4E34-A50F-68E1C7F03D9D}.Debug|Any CPU.ActiveCfg = Debug|Any CPU
		{9C64FBBD-2765-4E34-A50F-68E1C7F03D9D}.Debug|Any CPU.Build.0 = Debug|Any CPU
		{9C64FBBD-2765-4E34-A50F-68E1C7F03D9D}.Release|Any CPU.ActiveCfg = Release|Any CPU
		{9C64FBBD-2765-4E34-A50F-68E1C7F03D9D}.Release|Any CPU.Build.0 = Release|Any CPU
		{DFCBC461-F803-42D0-B495-90E9D059CC38}.Debug|Any CPU.ActiveCfg = Debug|Any CPU
		{DFCBC461-F803-42D0-B495-90E9D059CC38}.Debug|Any CPU.Build.0 = Debug|Any CPU
		{DFCBC461-F803-42D0-B495-90E9D059CC38}.Release|Any CPU.ActiveCfg = Release|Any CPU
		{DFCBC461-F803-42D0-B495-90E9D059CC38}.Release|Any CPU.Build.0 = Release|Any CPU
	EndGlobalSection
	GlobalSection(SolutionProperties) = preSolution
		HideSolutionNode = FALSE
	EndGlobalSection
	GlobalSection(ExtensibilityGlobals) = postSolution
		SolutionGuid = {AA1B5128-AB00-4211-8550-E69B43B0DFC7}
	EndGlobalSection
EndGlobal
